// !$*UTF8*$!
{
	archiveVersion = 1;
	classes = {
	};
	objectVersion = 55;
	objects = {

/* Begin PBXBuildFile section */
		1616254B2845204B003FB4FF /* AppDelegate.swift in Sources */ = {isa = PBXBuildFile; fileRef = 1616254A2845204B003FB4FF /* AppDelegate.swift */; };
		1616254D2845204B003FB4FF /* GameScene.sks in Resources */ = {isa = PBXBuildFile; fileRef = 1616254C2845204B003FB4FF /* GameScene.sks */; };
		161625512845204B003FB4FF /* GameScene.swift in Sources */ = {isa = PBXBuildFile; fileRef = 161625502845204B003FB4FF /* GameScene.swift */; };
		161625532845204B003FB4FF /* GameViewController.swift in Sources */ = {isa = PBXBuildFile; fileRef = 161625522845204B003FB4FF /* GameViewController.swift */; };
		161625562845204B003FB4FF /* Main.storyboard in Resources */ = {isa = PBXBuildFile; fileRef = 161625542845204B003FB4FF /* Main.storyboard */; };
		1616255828452050003FB4FF /* Assets.xcassets in Resources */ = {isa = PBXBuildFile; fileRef = 1616255728452050003FB4FF /* Assets.xcassets */; };
		1616255B28452050003FB4FF /* LaunchScreen.storyboard in Resources */ = {isa = PBXBuildFile; fileRef = 1616255928452050003FB4FF /* LaunchScreen.storyboard */; };
		1616256228452148003FB4FF /* BuikdingNode.swift in Sources */ = {isa = PBXBuildFile; fileRef = 1616256128452148003FB4FF /* BuikdingNode.swift */; };
		161625662845322A003FB4FF /* hitPlayer.sks in Resources */ = {isa = PBXBuildFile; fileRef = 161625652845322A003FB4FF /* hitPlayer.sks */; };
		1616256828453232003FB4FF /* hitBuilding.sks in Resources */ = {isa = PBXBuildFile; fileRef = 1616256728453232003FB4FF /* hitBuilding.sks */; };
/* End PBXBuildFile section */

/* Begin PBXFileReference section */
		161625472845204B003FB4FF /* explodingMonkeys.app */ = {isa = PBXFileReference; explicitFileType = wrapper.application; includeInIndex = 0; path = explodingMonkeys.app; sourceTree = BUILT_PRODUCTS_DIR; };
		1616254A2845204B003FB4FF /* AppDelegate.swift */ = {isa = PBXFileReference; lastKnownFileType = sourcecode.swift; path = AppDelegate.swift; sourceTree = "<group>"; };
		1616254C2845204B003FB4FF /* GameScene.sks */ = {isa = PBXFileReference; lastKnownFileType = file.sks; path = GameScene.sks; sourceTree = "<group>"; };
		161625502845204B003FB4FF /* GameScene.swift */ = {isa = PBXFileReference; lastKnownFileType = sourcecode.swift; path = GameScene.swift; sourceTree = "<group>"; };
		161625522845204B003FB4FF /* GameViewController.swift */ = {isa = PBXFileReference; lastKnownFileType = sourcecode.swift; path = GameViewController.swift; sourceTree = "<group>"; };
		161625552845204B003FB4FF /* Base */ = {isa = PBXFileReference; lastKnownFileType = file.storyboard; name = Base; path = Base.lproj/Main.storyboard; sourceTree = "<group>"; };
		1616255728452050003FB4FF /* Assets.xcassets */ = {isa = PBXFileReference; lastKnownFileType = folder.assetcatalog; path = Assets.xcassets; sourceTree = "<group>"; };
		1616255A28452050003FB4FF /* Base */ = {isa = PBXFileReference; lastKnownFileType = file.storyboard; name = Base; path = Base.lproj/LaunchScreen.storyboard; sourceTree = "<group>"; };
		1616256128452148003FB4FF /* BuikdingNode.swift */ = {isa = PBXFileReference; lastKnownFileType = sourcecode.swift; path = BuikdingNode.swift; sourceTree = "<group>"; };
		161625652845322A003FB4FF /* hitPlayer.sks */ = {isa = PBXFileReference; lastKnownFileType = file.sks; name = hitPlayer.sks; path = "../../../../Downloads/HackingWithSwift-main/Classic/project29-files/Content/hitPlayer.sks"; sourceTree = "<group>"; };
		1616256728453232003FB4FF /* hitBuilding.sks */ = {isa = PBXFileReference; lastKnownFileType = file.sks; name = hitBuilding.sks; path = "../../../../Downloads/HackingWithSwift-main/Classic/project29-files/Content/hitBuilding.sks"; sourceTree = "<group>"; };
/* End PBXFileReference section */

/* Begin PBXFrameworksBuildPhase section */
		161625442845204B003FB4FF /* Frameworks */ = {
			isa = PBXFrameworksBuildPhase;
			buildActionMask = 2147483647;
			files = (
			);
			runOnlyForDeploymentPostprocessing = 0;
		};
/* End PBXFrameworksBuildPhase section */

/* Begin PBXGroup section */
		1616253E2845204B003FB4FF = {
			isa = PBXGroup;
			children = (
				161625492845204B003FB4FF /* explodingMonkeys */,
				161625482845204B003FB4FF /* Products */,
			);
			sourceTree = "<group>";
		};
		161625482845204B003FB4FF /* Products */ = {
			isa = PBXGroup;
			children = (
				161625472845204B003FB4FF /* explodingMonkeys.app */,
			);
			name = Products;
			sourceTree = "<group>";
		};
		161625492845204B003FB4FF /* explodingMonkeys */ = {
			isa = PBXGroup;
			children = (
				1616254A2845204B003FB4FF /* AppDelegate.swift */,
				1616254C2845204B003FB4FF /* GameScene.sks */,
				161625502845204B003FB4FF /* GameScene.swift */,
				1616256128452148003FB4FF /* BuikdingNode.swift */,
				161625522845204B003FB4FF /* GameViewController.swift */,
				161625542845204B003FB4FF /* Main.storyboard */,
				1616255728452050003FB4FF /* Assets.xcassets */,
				1616255928452050003FB4FF /* LaunchScreen.storyboard */,
				161625652845322A003FB4FF /* hitPlayer.sks */,
				1616256728453232003FB4FF /* hitBuilding.sks */,
			);
			path = explodingMonkeys;
			sourceTree = "<group>";
		};
/* End PBXGroup section */

/* Begin PBXNativeTarget section */
		161625462845204B003FB4FF /* explodingMonkeys */ = {
			isa = PBXNativeTarget;
			buildConfigurationList = 1616255E28452050003FB4FF /* Build configuration list for PBXNativeTarget "explodingMonkeys" */;
			buildPhases = (
				161625432845204B003FB4FF /* Sources */,
				161625442845204B003FB4FF /* Frameworks */,
				161625452845204B003FB4FF /* Resources */,
			);
			buildRules = (
			);
			dependencies = (
			);
			name = explodingMonkeys;
			productName = explodingMonkeys;
			productReference = 161625472845204B003FB4FF /* explodingMonkeys.app */;
			productType = "com.apple.product-type.application";
		};
/* End PBXNativeTarget section */

/* Begin PBXProject section */
		1616253F2845204B003FB4FF /* Project object */ = {
			isa = PBXProject;
			attributes = {
				BuildIndependentTargetsInParallel = 1;
				LastSwiftUpdateCheck = 1320;
				LastUpgradeCheck = 1320;
				TargetAttributes = {
					161625462845204B003FB4FF = {
						CreatedOnToolsVersion = 13.2.1;
					};
				};
			};
			buildConfigurationList = 161625422845204B003FB4FF /* Build configuration list for PBXProject "explodingMonkeys" */;
			compatibilityVersion = "Xcode 13.0";
			developmentRegion = en;
			hasScannedForEncodings = 0;
			knownRegions = (
				en,
				Base,
			);
			mainGroup = 1616253E2845204B003FB4FF;
			productRefGroup = 161625482845204B003FB4FF /* Products */;
			projectDirPath = "";
			projectRoot = "";
			targets = (
				161625462845204B003FB4FF /* explodingMonkeys */,
			);
		};
/* End PBXProject section */

/* Begin PBXResourcesBuildPhase section */
		161625452845204B003FB4FF /* Resources */ = {
			isa = PBXResourcesBuildPhase;
			buildActionMask = 2147483647;
			files = (
				161625562845204B003FB4FF /* Main.storyboard in Resources */,
				1616254D2845204B003FB4FF /* GameScene.sks in Resources */,
				161625662845322A003FB4FF /* hitPlayer.sks in Resources */,
				1616255828452050003FB4FF /* Assets.xcassets in Resources */,
				1616255B28452050003FB4FF /* LaunchScreen.storyboard in Resources */,
				1616256828453232003FB4FF /* hitBuilding.sks in Resources */,
			);
			runOnlyForDeploymentPostprocessing = 0;
		};
/* End PBXResourcesBuildPhase section */

/* Begin PBXSourcesBuildPhase section */
		161625432845204B003FB4FF /* Sources */ = {
			isa = PBXSourcesBuildPhase;
			buildActionMask = 2147483647;
			files = (
				1616256228452148003FB4FF /* BuikdingNode.swift in Sources */,
				161625512845204B003FB4FF /* GameScene.swift in Sources */,
				161625532845204B003FB4FF /* GameViewController.swift in Sources */,
				1616254B2845204B003FB4FF /* AppDelegate.swift in Sources */,
			);
			runOnlyForDeploymentPostprocessing = 0;
		};
/* End PBXSourcesBuildPhase section */

/* Begin PBXVariantGroup section */
		161625542845204B003FB4FF /* Main.storyboard */ = {
			isa = PBXVariantGroup;
			children = (
				161625552845204B003FB4FF /* Base */,
			);
			name = Main.storyboard;
			sourceTree = "<group>";
		};
		1616255928452050003FB4FF /* LaunchScreen.storyboard */ = {
			isa = PBXVariantGroup;
			children = (
				1616255A28452050003FB4FF /* Base */,
			);
			name = LaunchScreen.storyboard;
			sourceTree = "<group>";
		};
/* End PBXVariantGroup section */

/* Begin XCBuildConfiguration section */
		1616255C28452050003FB4FF /* Debug */ = {
			isa = XCBuildConfiguration;
			buildSettings = {
				ALWAYS_SEARCH_USER_PATHS = NO;
				CLANG_ANALYZER_NONNULL = YES;
				CLANG_ANALYZER_NUMBER_OBJECT_CONVERSION = YES_AGGRESSIVE;
				CLANG_CXX_LANGUAGE_STANDARD = "gnu++17";
				CLANG_CXX_LIBRARY = "libc++";
				CLANG_ENABLE_MODULES = YES;
				CLANG_ENABLE_OBJC_ARC = YES;
				CLANG_ENABLE_OBJC_WEAK = YES;
				CLANG_WARN_BLOCK_CAPTURE_AUTORELEASING = YES;
				CLANG_WARN_BOOL_CONVERSION = YES;
				CLANG_WARN_COMMA = YES;
				CLANG_WARN_CONSTANT_CONVERSION = YES;
				CLANG_WARN_DEPRECATED_OBJC_IMPLEMENTATIONS = YES;
				CLANG_WARN_DIRECT_OBJC_ISA_USAGE = YES_ERROR;
				CLANG_WARN_DOCUMENTATION_COMMENTS = YES;
				CLANG_WARN_EMPTY_BODY = YES;
				CLANG_WARN_ENUM_CONVERSION = YES;
				CLANG_WARN_INFINITE_RECURSION = YES;
				CLANG_WARN_INT_CONVERSION = YES;
				CLANG_WARN_NON_LITERAL_NULL_CONVERSION = YES;
				CLANG_WARN_OBJC_IMPLICIT_RETAIN_SELF = YES;
				CLANG_WARN_OBJC_LITERAL_CONVERSION = YES;
				CLANG_WARN_OBJC_ROOT_CLASS = YES_ERROR;
				CLANG_WARN_QUOTED_INCLUDE_IN_FRAMEWORK_HEADER = YES;
				CLANG_WARN_RANGE_LOOP_ANALYSIS = YES;
				CLANG_WARN_STRICT_PROTOTYPES = YES;
				CLANG_WARN_SUSPICIOUS_MOVE = YES;
				CLANG_WARN_UNGUARDED_AVAILABILITY = YES_AGGRESSIVE;
				CLANG_WARN_UNREACHABLE_CODE = YES;
				CLANG_WARN__DUPLICATE_METHOD_MATCH = YES;
				COPY_PHASE_STRIP = NO;
				DEBUG_INFORMATION_FORMAT = dwarf;
				ENABLE_STRICT_OBJC_MSGSEND = YES;
				ENABLE_TESTABILITY = YES;
				GCC_C_LANGUAGE_STANDARD = gnu11;
				GCC_DYNAMIC_NO_PIC = NO;
				GCC_NO_COMMON_BLOCKS = YES;
				GCC_OPTIMIZATION_LEVEL = 0;
				GCC_PREPROCESSOR_DEFINITIONS = (
					"DEBUG=1",
					"$(inherited)",
				);
				GCC_WARN_64_TO_32_BIT_CONVERSION = YES;
				GCC_WARN_ABOUT_RETURN_TYPE = YES_ERROR;
				GCC_WARN_UNDECLARED_SELECTOR = YES;
				GCC_WARN_UNINITIALIZED_AUTOS = YES_AGGRESSIVE;
				GCC_WARN_UNUSED_FUNCTION = YES;
				GCC_WARN_UNUSED_VARIABLE = YES;
				IPHONEOS_DEPLOYMENT_TARGET = 15.2;
				MTL_ENABLE_DEBUG_INFO = INCLUDE_SOURCE;
				MTL_FAST_MATH = YES;
				ONLY_ACTIVE_ARCH = YES;
				SDKROOT = iphoneos;
				SWIFT_ACTIVE_COMPILATION_CONDITIONS = DEBUG;
				SWIFT_OPTIMIZATION_LEVEL = "-Onone";
			};
			name = Debug;
		};
		1616255D28452050003FB4FF /* Release */ = {
			isa = XCBuildConfiguration;
			buildSettings = {
				ALWAYS_SEARCH_USER_PATHS = NO;
				CLANG_ANALYZER_NONNULL = YES;
				CLANG_ANALYZER_NUMBER_OBJECT_CONVERSION = YES_AGGRESSIVE;
				CLANG_CXX_LANGUAGE_STANDARD = "gnu++17";
				CLANG_CXX_LIBRARY = "libc++";
				CLANG_ENABLE_MODULES = YES;
				CLANG_ENABLE_OBJC_ARC = YES;
				CLANG_ENABLE_OBJC_WEAK = YES;
				CLANG_WARN_BLOCK_CAPTURE_AUTORELEASING = YES;
				CLANG_WARN_BOOL_CONVERSION = YES;
				CLANG_WARN_COMMA = YES;
				CLANG_WARN_CONSTANT_CONVERSION = YES;
				CLANG_WARN_DEPRECATED_OBJC_IMPLEMENTATIONS = YES;
				CLANG_WARN_DIRECT_OBJC_ISA_USAGE = YES_ERROR;
				CLANG_WARN_DOCUMENTATION_COMMENTS = YES;
				CLANG_WARN_EMPTY_BODY = YES;
				CLANG_WARN_ENUM_CONVERSION = YES;
				CLANG_WARN_INFINITE_RECURSION = YES;
				CLANG_WARN_INT_CONVERSION = YES;
				CLANG_WARN_NON_LITERAL_NULL_CONVERSION = YES;
				CLANG_WARN_OBJC_IMPLICIT_RETAIN_SELF = YES;
				CLANG_WARN_OBJC_LITERAL_CONVERSION = YES;
				CLANG_WARN_OBJC_ROOT_CLASS = YES_ERROR;
				CLANG_WARN_QUOTED_INCLUDE_IN_FRAMEWORK_HEADER = YES;
				CLANG_WARN_RANGE_LOOP_ANALYSIS = YES;
				CLANG_WARN_STRICT_PROTOTYPES = YES;
				CLANG_WARN_SUSPICIOUS_MOVE = YES;
				CLANG_WARN_UNGUARDED_AVAILABILITY = YES_AGGRESSIVE;
				CLANG_WARN_UNREACHABLE_CODE = YES;
				CLANG_WARN__DUPLICATE_METHOD_MATCH = YES;
				COPY_PHASE_STRIP = NO;
				DEBUG_INFORMATION_FORMAT = "dwarf-with-dsym";
				ENABLE_NS_ASSERTIONS = NO;
				ENABLE_STRICT_OBJC_MSGSEND = YES;
				GCC_C_LANGUAGE_STANDARD = gnu11;
				GCC_NO_COMMON_BLOCKS = YES;
				GCC_WARN_64_TO_32_BIT_CONVERSION = YES;
				GCC_WARN_ABOUT_RETURN_TYPE = YES_ERROR;
				GCC_WARN_UNDECLARED_SELECTOR = YES;
				GCC_WARN_UNINITIALIZED_AUTOS = YES_AGGRESSIVE;
				GCC_WARN_UNUSED_FUNCTION = YES;
				GCC_WARN_UNUSED_VARIABLE = YES;
				IPHONEOS_DEPLOYMENT_TARGET = 15.2;
				MTL_ENABLE_DEBUG_INFO = NO;
				MTL_FAST_MATH = YES;
				SDKROOT = iphoneos;
				SWIFT_COMPILATION_MODE = wholemodule;
				SWIFT_OPTIMIZATION_LEVEL = "-O";
				VALIDATE_PRODUCT = YES;
			};
			name = Release;
		};
		1616255F28452050003FB4FF /* Debug */ = {
			isa = XCBuildConfiguration;
			buildSettings = {
				ASSETCATALOG_COMPILER_APPICON_NAME = AppIcon;
				ASSETCATALOG_COMPILER_GLOBAL_ACCENT_COLOR_NAME = AccentColor;
				CODE_SIGN_STYLE = Automatic;
				CURRENT_PROJECT_VERSION = 1;
				DEVELOPMENT_TEAM = VVV4KHLBYP;
				GENERATE_INFOPLIST_FILE = YES;
				INFOPLIST_KEY_UIApplicationSupportsIndirectInputEvents = YES;
				INFOPLIST_KEY_UILaunchStoryboardName = LaunchScreen;
				INFOPLIST_KEY_UIMainStoryboardFile = Main;
				INFOPLIST_KEY_UIStatusBarHidden = YES;
				INFOPLIST_KEY_UISupportedInterfaceOrientations_iPad = "UIInterfaceOrientationLandscapeLeft UIInterfaceOrientationLandscapeRight";
				INFOPLIST_KEY_UISupportedInterfaceOrientations_iPhone = "UIInterfaceOrientationPortrait UIInterfaceOrientationLandscapeLeft UIInterfaceOrientationLandscapeRight";
				LD_RUNPATH_SEARCH_PATHS = (
					"$(inherited)",
					"@executable_path/Frameworks",
				);
				MARKETING_VERSION = 1.0;
				PRODUCT_BUNDLE_IDENTIFIER = com.callum.explodingMonkeys;
				PRODUCT_NAME = "$(TARGET_NAME)";
				SWIFT_EMIT_LOC_STRINGS = YES;
				SWIFT_VERSION = 5.0;
				TARGETED_DEVICE_FAMILY = 2;
			};
			name = Debug;
		};
		1616256028452050003FB4FF /* Release */ = {
			isa = XCBuildConfiguration;
			buildSettings = {
				ASSETCATALOG_COMPILER_APPICON_NAME = AppIcon;
				ASSETCATALOG_COMPILER_GLOBAL_ACCENT_COLOR_NAME = AccentColor;
				CODE_SIGN_STYLE = Automatic;
				CURRENT_PROJECT_VERSION = 1;
				DEVELOPMENT_TEAM = VVV4KHLBYP;
				GENERATE_INFOPLIST_FILE = YES;
				INFOPLIST_KEY_UIApplicationSupportsIndirectInputEvents = YES;
				INFOPLIST_KEY_UILaunchStoryboardName = LaunchScreen;
				INFOPLIST_KEY_UIMainStoryboardFile = Main;
				INFOPLIST_KEY_UIStatusBarHidden = YES;
				INFOPLIST_KEY_UISupportedInterfaceOrientations_iPad = "UIInterfaceOrientationLandscapeLeft UIInterfaceOrientationLandscapeRight";
				INFOPLIST_KEY_UISupportedInterfaceOrientations_iPhone = "UIInterfaceOrientationPortrait UIInterfaceOrientationLandscapeLeft UIInterfaceOrientationLandscapeRight";
				LD_RUNPATH_SEARCH_PATHS = (
					"$(inherited)",
					"@executable_path/Frameworks",
				);
				MARKETING_VERSION = 1.0;
				PRODUCT_BUNDLE_IDENTIFIER = com.callum.explodingMonkeys;
				PRODUCT_NAME = "$(TARGET_NAME)";
				SWIFT_EMIT_LOC_STRINGS = YES;
				SWIFT_VERSION = 5.0;
				TARGETED_DEVICE_FAMILY = 2;
			};
			name = Release;
		};
/* End XCBuildConfiguration section */

/* Begin XCConfigurationList section */
		161625422845204B003FB4FF /* Build configuration list for PBXProject "explodingMonkeys" */ = {
			isa = XCConfigurationList;
			buildConfigurations = (
				1616255C28452050003FB4FF /* Debug */,
				1616255D28452050003FB4FF /* Release */,
			);
			defaultConfigurationIsVisible = 0;
			defaultConfigurationName = Release;
		};
		1616255E28452050003FB4FF /* Build configuration list for PBXNativeTarget "explodingMonkeys" */ = {
			isa = XCConfigurationList;
			buildConfigurations = (
				1616255F28452050003FB4FF /* Debug */,
				1616256028452050003FB4FF /* Release */,
			);
			defaultConfigurationIsVisible = 0;
			defaultConfigurationName = Release;
		};
/* End XCConfigurationList section */
	};
	rootObject = 1616253F2845204B003FB4FF /* Project object */;
}
